
Microsoft Visual Studio Solution File, Format Version 12.00
# Visual Studio Version 17
VisualStudioVersion = 17.10.35013.160
MinimumVisualStudioVersion = 10.0.40219.1
Project("{FAE04EC0-301F-11D3-BF4B-00C04F79EFBC}") = "Signup", "Signup\Signup.csproj", "{C3E637E6-58B4-4B73-87F8-0D9BF9634CE1}"
EndProject
Global
	GlobalSection(SolutionConfigurationPlatforms) = preSolution
		Debug|Any CPU = Debug|Any CPU
		Release|Any CPU = Release|Any CPU
	EndGlobalSection
	GlobalSection(ProjectConfigurationPlatforms) = postSolution
		{C3E637E6-58B4-4B73-87F8-0D9BF9634CE1}.Debug|Any CPU.ActiveCfg = Debug|Any CPU
		{C3E637E6-58B4-4B73-87F8-0D9BF9634CE1}.Debug|Any CPU.Build.0 = Debug|Any CPU
		{C3E637E6-58B4-4B73-87F8-0D9BF9634CE1}.Release|Any CPU.ActiveCfg = Release|Any CPU
		{C3E637E6-58B4-4B73-87F8-0D9BF9634CE1}.Release|Any CPU.Build.0 = Release|Any CPU
	EndGlobalSection
	GlobalSection(SolutionProperties) = preSolution
		HideSolutionNode = FALSE
	EndGlobalSection
	GlobalSection(ExtensibilityGlobals) = postSolution
		SolutionGuid = {4BD53188-695E-4D1F-8D22-30A76017E624}
	EndGlobalSection
EndGlobal
